
Microsoft Visual Studio Solution File, Format Version 12.00
# Visual Studio Version 16
VisualStudioVersion = 16.0.31205.134
MinimumVisualStudioVersion = 10.0.40219.1
Project("{9A19103F-16F7-4668-BE54-9A1E7A4F7556}") = "DomainLayer", "Domain\DomainLayer.csproj", "{6BE9B9F3-2417-46E3-8F6F-E61653866B74}"
EndProject
Project("{9A19103F-16F7-4668-BE54-9A1E7A4F7556}") = "FleetMangementApp", "FleetMangementApp\FleetMangementApp.csproj", "{BB86905F-6132-40F0-B9F5-65656965B865}"
EndProject
Project("{9A19103F-16F7-4668-BE54-9A1E7A4F7556}") = "DataAccessLayer", "DataAccessLayer\DataAccessLayer.csproj", "{22187A9D-B67F-4130-8BE4-8319AB274938}"
EndProject
Project("{FAE04EC0-301F-11D3-BF4B-00C04F79EFBC}") = "TestConsole", "TestConsole\TestConsole.csproj", "{B4B41178-499D-4891-B111-1273EAB2B1E7}"
EndProject
Global
	GlobalSection(SolutionConfigurationPlatforms) = preSolution
		Debug|Any CPU = Debug|Any CPU
		Release|Any CPU = Release|Any CPU
	EndGlobalSection
	GlobalSection(ProjectConfigurationPlatforms) = postSolution
		{6BE9B9F3-2417-46E3-8F6F-E61653866B74}.Debug|Any CPU.ActiveCfg = Debug|Any CPU
		{6BE9B9F3-2417-46E3-8F6F-E61653866B74}.Debug|Any CPU.Build.0 = Debug|Any CPU
		{6BE9B9F3-2417-46E3-8F6F-E61653866B74}.Release|Any CPU.ActiveCfg = Release|Any CPU
		{6BE9B9F3-2417-46E3-8F6F-E61653866B74}.Release|Any CPU.Build.0 = Release|Any CPU
		{BB86905F-6132-40F0-B9F5-65656965B865}.Debug|Any CPU.ActiveCfg = Debug|Any CPU
		{BB86905F-6132-40F0-B9F5-65656965B865}.Debug|Any CPU.Build.0 = Debug|Any CPU
		{BB86905F-6132-40F0-B9F5-65656965B865}.Release|Any CPU.ActiveCfg = Release|Any CPU
		{BB86905F-6132-40F0-B9F5-65656965B865}.Release|Any CPU.Build.0 = Release|Any CPU
		{22187A9D-B67F-4130-8BE4-8319AB274938}.Debug|Any CPU.ActiveCfg = Debug|Any CPU
		{22187A9D-B67F-4130-8BE4-8319AB274938}.Debug|Any CPU.Build.0 = Debug|Any CPU
		{22187A9D-B67F-4130-8BE4-8319AB274938}.Release|Any CPU.ActiveCfg = Release|Any CPU
		{22187A9D-B67F-4130-8BE4-8319AB274938}.Release|Any CPU.Build.0 = Release|Any CPU
		{B4B41178-499D-4891-B111-1273EAB2B1E7}.Debug|Any CPU.ActiveCfg = Debug|Any CPU
		{B4B41178-499D-4891-B111-1273EAB2B1E7}.Debug|Any CPU.Build.0 = Debug|Any CPU
		{B4B41178-499D-4891-B111-1273EAB2B1E7}.Release|Any CPU.ActiveCfg = Release|Any CPU
		{B4B41178-499D-4891-B111-1273EAB2B1E7}.Release|Any CPU.Build.0 = Release|Any CPU
	EndGlobalSection
	GlobalSection(SolutionProperties) = preSolution
		HideSolutionNode = FALSE
	EndGlobalSection
	GlobalSection(ExtensibilityGlobals) = postSolution
		SolutionGuid = {DB9A352B-EA14-4E12-8444-C4397AC28352}
	EndGlobalSection
EndGlobal
